
Microsoft Visual Studio Solution File, Format Version 12.00
# Visual Studio Version 16
VisualStudioVersion = 16.0.30717.126
MinimumVisualStudioVersion = 10.0.40219.1
Project("{8BC9CEB8-8B4A-11D0-8D11-00A0C91BC942}") = "Project2", "Project2\Project2.vcxproj", "{F1C2505E-7552-4AAB-BE62-6415B4C5372B}"
EndProject
Project("{8BC9CEB8-8B4A-11D0-8D11-00A0C91BC942}") = "Only_god", "Only_god\Only_god.vcxproj", "{043B577F-6128-45E4-A2EA-21130C16B20E}"
EndProject
Global
	GlobalSection(SolutionConfigurationPlatforms) = preSolution
		Debug|x64 = Debug|x64
		Debug|x86 = Debug|x86
		Release|x64 = Release|x64
		Release|x86 = Release|x86
	EndGlobalSection
	GlobalSection(ProjectConfigurationPlatforms) = postSolution
		{F1C2505E-7552-4AAB-BE62-6415B4C5372B}.Debug|x64.ActiveCfg = Debug|x64
		{F1C2505E-7552-4AAB-BE62-6415B4C5372B}.Debug|x64.Build.0 = Debug|x64
		{F1C2505E-7552-4AAB-BE62-6415B4C5372B}.Debug|x86.ActiveCfg = Debug|Win32
		{F1C2505E-7552-4AAB-BE62-6415B4C5372B}.Debug|x86.Build.0 = Debug|Win32
		{F1C2505E-7552-4AAB-BE62-6415B4C5372B}.Release|x64.ActiveCfg = Release|x64
		{F1C2505E-7552-4AAB-BE62-6415B4C5372B}.Release|x64.Build.0 = Release|x64
		{F1C2505E-7552-4AAB-BE62-6415B4C5372B}.Release|x86.ActiveCfg = Release|Win32
		{F1C2505E-7552-4AAB-BE62-6415B4C5372B}.Release|x86.Build.0 = Release|Win32
		{043B577F-6128-45E4-A2EA-21130C16B20E}.Debug|x64.ActiveCfg = Debug|x64
		{043B577F-6128-45E4-A2EA-21130C16B20E}.Debug|x64.Build.0 = Debug|x64
		{043B577F-6128-45E4-A2EA-21130C16B20E}.Debug|x86.ActiveCfg = Debug|Win32
		{043B577F-6128-45E4-A2EA-21130C16B20E}.Debug|x86.Build.0 = Debug|Win32
		{043B577F-6128-45E4-A2EA-21130C16B20E}.Release|x64.ActiveCfg = Release|x64
		{043B577F-6128-45E4-A2EA-21130C16B20E}.Release|x64.Build.0 = Release|x64
		{043B577F-6128-45E4-A2EA-21130C16B20E}.Release|x86.ActiveCfg = Release|Win32
		{043B577F-6128-45E4-A2EA-21130C16B20E}.Release|x86.Build.0 = Release|Win32
	EndGlobalSection
	GlobalSection(SolutionProperties) = preSolution
		HideSolutionNode = FALSE
	EndGlobalSection
	GlobalSection(ExtensibilityGlobals) = postSolution
		SolutionGuid = {AE4D2B42-5172-4E4F-AEB1-4E8381B762C5}
	EndGlobalSection
EndGlobal
